
Microsoft Visual Studio Solution File, Format Version 12.00
# Visual Studio Version 17
VisualStudioVersion = 17.3.32929.385
MinimumVisualStudioVersion = 10.0.40219.1
Project("{FAE04EC0-301F-11D3-BF4B-00C04F79EFBC}") = "StudentCrud", "StudentCrud\StudentCrud.csproj", "{6795957E-44E1-43D5-81A0-4E9A4C7EB3B7}"
EndProject
Global
	GlobalSection(SolutionConfigurationPlatforms) = preSolution
		Debug|Any CPU = Debug|Any CPU
		Release|Any CPU = Release|Any CPU
	EndGlobalSection
	GlobalSection(ProjectConfigurationPlatforms) = postSolution
		{6795957E-44E1-43D5-81A0-4E9A4C7EB3B7}.Debug|Any CPU.ActiveCfg = Debug|Any CPU
		{6795957E-44E1-43D5-81A0-4E9A4C7EB3B7}.Debug|Any CPU.Build.0 = Debug|Any CPU
		{6795957E-44E1-43D5-81A0-4E9A4C7EB3B7}.Release|Any CPU.ActiveCfg = Release|Any CPU
		{6795957E-44E1-43D5-81A0-4E9A4C7EB3B7}.Release|Any CPU.Build.0 = Release|Any CPU
	EndGlobalSection
	GlobalSection(SolutionProperties) = preSolution
		HideSolutionNode = FALSE
	EndGlobalSection
	GlobalSection(ExtensibilityGlobals) = postSolution
		SolutionGuid = {6A251EC3-7745-4686-AB1E-C88671179729}
	EndGlobalSection
EndGlobal
